// !$*UTF8*$!
{
	archiveVersion = 1;
	classes = {
	};
	objectVersion = 46;
	objects = {

/* Begin PBXBuildFile section */
		3BD483C71B6954520026BDBD /* AppDelegate.m in Sources */ = {isa = PBXBuildFile; fileRef = 3BD483981B6954520026BDBD /* AppDelegate.m */; };
		3BD483C81B6954520026BDBD /* DBManager.m in Sources */ = {isa = PBXBuildFile; fileRef = 3BD4839C1B6954520026BDBD /* DBManager.m */; };
		3BD483C91B6954520026BDBD /* VersusGameManager.m in Sources */ = {isa = PBXBuildFile; fileRef = 3BD4839F1B6954520026BDBD /* VersusGameManager.m */; };
		3BD483CA1B6954520026BDBD /* Game.m in Sources */ = {isa = PBXBuildFile; fileRef = 3BD483A41B6954520026BDBD /* Game.m */; };
		3BD483CB1B6954520026BDBD /* VersusGame.m in Sources */ = {isa = PBXBuildFile; fileRef = 3BD483A61B6954520026BDBD /* VersusGame.m */; };
		3BD483CC1B6954520026BDBD /* Actions-flag-blue-icon.png in Resources */ = {isa = PBXBuildFile; fileRef = 3BD483A81B6954520026BDBD /* Actions-flag-blue-icon.png */; };
		3BD483CD1B6954520026BDBD /* Actions-flag-red-icon.png in Resources */ = {isa = PBXBuildFile; fileRef = 3BD483A91B6954520026BDBD /* Actions-flag-red-icon.png */; };
		3BD483CE1B6954520026BDBD /* bmdb.sqlite in Resources */ = {isa = PBXBuildFile; fileRef = 3BD483AA1B6954520026BDBD /* bmdb.sqlite */; };
		3BD483CF1B6954520026BDBD /* Default-568h@2x.png in Resources */ = {isa = PBXBuildFile; fileRef = 3BD483AB1B6954520026BDBD /* Default-568h@2x.png */; };
		3BD483D01B6954520026BDBD /* Default.png in Resources */ = {isa = PBXBuildFile; fileRef = 3BD483AC1B6954520026BDBD /* Default.png */; };
		3BD483D11B6954520026BDBD /* Default@2x.png in Resources */ = {isa = PBXBuildFile; fileRef = 3BD483AD1B6954520026BDBD /* Default@2x.png */; };
		3BD483D21B6954520026BDBD /* InfoPlist.strings in Resources */ = {isa = PBXBuildFile; fileRef = 3BD483AE1B6954520026BDBD /* InfoPlist.strings */; };
		3BD483D31B6954520026BDBD /* Localizable.strings in Resources */ = {isa = PBXBuildFile; fileRef = 3BD483B01B6954520026BDBD /* Localizable.strings */; };
		3BD483D41B6954520026BDBD /* menu.png in Resources */ = {isa = PBXBuildFile; fileRef = 3BD483B11B6954520026BDBD /* menu.png */; };
		3BD483D51B6954520026BDBD /* main.m in Sources */ = {isa = PBXBuildFile; fileRef = 3BD483B31B6954520026BDBD /* main.m */; };
		3BD483D61B6954520026BDBD /* MainStoryboard.storyboard in Resources */ = {isa = PBXBuildFile; fileRef = 3BD483B41B6954520026BDBD /* MainStoryboard.storyboard */; };
		3BD483D71B6954520026BDBD /* minesweeper-Info.plist in Resources */ = {isa = PBXBuildFile; fileRef = 3BD483B51B6954520026BDBD /* minesweeper-Info.plist */; };
		3BD483D81B6954520026BDBD /* Tools.m in Sources */ = {isa = PBXBuildFile; fileRef = 3BD483B91B6954520026BDBD /* Tools.m */; };
		3BD483D91B6954520026BDBD /* VersusGameCell.m in Sources */ = {isa = PBXBuildFile; fileRef = 3BD483BE1B6954520026BDBD /* VersusGameCell.m */; };
		3BD483DA1B6954520026BDBD /* VersusGameTableViewController.m in Sources */ = {isa = PBXBuildFile; fileRef = 3BD483C01B6954520026BDBD /* VersusGameTableViewController.m */; };
		3BD483DB1B6954520026BDBD /* VersusViewController.m in Sources */ = {isa = PBXBuildFile; fileRef = 3BD483C21B6954520026BDBD /* VersusViewController.m */; };
		3BD483DC1B6954520026BDBD /* MATCGlossyButton.m in Sources */ = {isa = PBXBuildFile; fileRef = 3BD483C61B6954520026BDBD /* MATCGlossyButton.m */; };
		84C486D7182A4F9900C96EF5 /* UIKit.framework in Frameworks */ = {isa = PBXBuildFile; fileRef = 84C486D6182A4F9900C96EF5 /* UIKit.framework */; };
		84C486D9182A4F9900C96EF5 /* Foundation.framework in Frameworks */ = {isa = PBXBuildFile; fileRef = 84C486D8182A4F9900C96EF5 /* Foundation.framework */; };
		84C486DB182A4F9900C96EF5 /* CoreGraphics.framework in Frameworks */ = {isa = PBXBuildFile; fileRef = 84C486DA182A4F9900C96EF5 /* CoreGraphics.framework */; };
		84C48715182A644E00C96EF5 /* libsqlite3.0.dylib in Frameworks */ = {isa = PBXBuildFile; fileRef = 84C48714182A644E00C96EF5 /* libsqlite3.0.dylib */; };
		84C48723182A67DE00C96EF5 /* QuartzCore.framework in Frameworks */ = {isa = PBXBuildFile; fileRef = 84C48722182A67DE00C96EF5 /* QuartzCore.framework */; };
		84C48725182A67F500C96EF5 /* CoreMotion.framework in Frameworks */ = {isa = PBXBuildFile; fileRef = 84C48724182A67F500C96EF5 /* CoreMotion.framework */; };
		9AB98D9D8F72ABC76EA4EB97 /* libPods.a in Frameworks */ = {isa = PBXBuildFile; fileRef = 8F4BAD0ABA0F0322C3DB0B26 /* libPods.a */; };
/* End PBXBuildFile section */

/* Begin PBXFileReference section */
		3BD483971B6954520026BDBD /* AppDelegate.h */ = {isa = PBXFileReference; fileEncoding = 4; lastKnownFileType = sourcecode.c.h; path = AppDelegate.h; sourceTree = "<group>"; };
		3BD483981B6954520026BDBD /* AppDelegate.m */ = {isa = PBXFileReference; fileEncoding = 4; lastKnownFileType = sourcecode.c.objc; path = AppDelegate.m; sourceTree = "<group>"; };
		3BD4839B1B6954520026BDBD /* DBManager.h */ = {isa = PBXFileReference; fileEncoding = 4; lastKnownFileType = sourcecode.c.h; path = DBManager.h; sourceTree = "<group>"; };
		3BD4839C1B6954520026BDBD /* DBManager.m */ = {isa = PBXFileReference; fileEncoding = 4; lastKnownFileType = sourcecode.c.objc; path = DBManager.m; sourceTree = "<group>"; };
		3BD4839E1B6954520026BDBD /* VersusGameManager.h */ = {isa = PBXFileReference; fileEncoding = 4; lastKnownFileType = sourcecode.c.h; path = VersusGameManager.h; sourceTree = "<group>"; };
		3BD4839F1B6954520026BDBD /* VersusGameManager.m */ = {isa = PBXFileReference; fileEncoding = 4; lastKnownFileType = sourcecode.c.objc; path = VersusGameManager.m; sourceTree = "<group>"; };
		3BD483A31B6954520026BDBD /* Game.h */ = {isa = PBXFileReference; fileEncoding = 4; lastKnownFileType = sourcecode.c.h; path = Game.h; sourceTree = "<group>"; };
		3BD483A41B6954520026BDBD /* Game.m */ = {isa = PBXFileReference; fileEncoding = 4; lastKnownFileType = sourcecode.c.objc; path = Game.m; sourceTree = "<group>"; };
		3BD483A51B6954520026BDBD /* VersusGame.h */ = {isa = PBXFileReference; fileEncoding = 4; lastKnownFileType = sourcecode.c.h; path = VersusGame.h; sourceTree = "<group>"; };
		3BD483A61B6954520026BDBD /* VersusGame.m */ = {isa = PBXFileReference; fileEncoding = 4; lastKnownFileType = sourcecode.c.objc; path = VersusGame.m; sourceTree = "<group>"; };
		3BD483A81B6954520026BDBD /* Actions-flag-blue-icon.png */ = {isa = PBXFileReference; lastKnownFileType = image.png; path = "Actions-flag-blue-icon.png"; sourceTree = "<group>"; };
		3BD483A91B6954520026BDBD /* Actions-flag-red-icon.png */ = {isa = PBXFileReference; lastKnownFileType = image.png; path = "Actions-flag-red-icon.png"; sourceTree = "<group>"; };
		3BD483AA1B6954520026BDBD /* bmdb.sqlite */ = {isa = PBXFileReference; fileEncoding = 4; lastKnownFileType = text; path = bmdb.sqlite; sourceTree = "<group>"; };
		3BD483AB1B6954520026BDBD /* Default-568h@2x.png */ = {isa = PBXFileReference; lastKnownFileType = image.png; path = "Default-568h@2x.png"; sourceTree = "<group>"; };
		3BD483AC1B6954520026BDBD /* Default.png */ = {isa = PBXFileReference; lastKnownFileType = image.png; path = Default.png; sourceTree = "<group>"; };
		3BD483AD1B6954520026BDBD /* Default@2x.png */ = {isa = PBXFileReference; lastKnownFileType = image.png; path = "Default@2x.png"; sourceTree = "<group>"; };
		3BD483AF1B6954520026BDBD /* en */ = {isa = PBXFileReference; lastKnownFileType = text.plist.strings; name = en; path = en.lproj/InfoPlist.strings; sourceTree = "<group>"; };
		3BD483B01B6954520026BDBD /* Localizable.strings */ = {isa = PBXFileReference; fileEncoding = 4; lastKnownFileType = text.plist.strings; path = Localizable.strings; sourceTree = "<group>"; };
		3BD483B11B6954520026BDBD /* menu.png */ = {isa = PBXFileReference; lastKnownFileType = image.png; path = menu.png; sourceTree = "<group>"; };
		3BD483B31B6954520026BDBD /* main.m */ = {isa = PBXFileReference; fileEncoding = 4; lastKnownFileType = sourcecode.c.objc; path = main.m; sourceTree = "<group>"; };
		3BD483B41B6954520026BDBD /* MainStoryboard.storyboard */ = {isa = PBXFileReference; fileEncoding = 4; lastKnownFileType = file.storyboard; path = MainStoryboard.storyboard; sourceTree = "<group>"; };
		3BD483B51B6954520026BDBD /* minesweeper-Info.plist */ = {isa = PBXFileReference; fileEncoding = 4; lastKnownFileType = text.plist.xml; path = "minesweeper-Info.plist"; sourceTree = "<group>"; };
		3BD483B61B6954520026BDBD /* minesweeper-Prefix.pch */ = {isa = PBXFileReference; fileEncoding = 4; lastKnownFileType = sourcecode.c.h; path = "minesweeper-Prefix.pch"; sourceTree = "<group>"; };
		3BD483B81B6954520026BDBD /* Tools.h */ = {isa = PBXFileReference; fileEncoding = 4; lastKnownFileType = sourcecode.c.h; path = Tools.h; sourceTree = "<group>"; };
		3BD483B91B6954520026BDBD /* Tools.m */ = {isa = PBXFileReference; fileEncoding = 4; lastKnownFileType = sourcecode.c.objc; path = Tools.m; sourceTree = "<group>"; };
		3BD483BD1B6954520026BDBD /* VersusGameCell.h */ = {isa = PBXFileReference; fileEncoding = 4; lastKnownFileType = sourcecode.c.h; path = VersusGameCell.h; sourceTree = "<group>"; };
		3BD483BE1B6954520026BDBD /* VersusGameCell.m */ = {isa = PBXFileReference; fileEncoding = 4; lastKnownFileType = sourcecode.c.objc; path = VersusGameCell.m; sourceTree = "<group>"; };
		3BD483BF1B6954520026BDBD /* VersusGameTableViewController.h */ = {isa = PBXFileReference; fileEncoding = 4; lastKnownFileType = sourcecode.c.h; path = VersusGameTableViewController.h; sourceTree = "<group>"; };
		3BD483C01B6954520026BDBD /* VersusGameTableViewController.m */ = {isa = PBXFileReference; fileEncoding = 4; lastKnownFileType = sourcecode.c.objc; path = VersusGameTableViewController.m; sourceTree = "<group>"; };
		3BD483C11B6954520026BDBD /* VersusViewController.h */ = {isa = PBXFileReference; fileEncoding = 4; lastKnownFileType = sourcecode.c.h; path = VersusViewController.h; sourceTree = "<group>"; };
		3BD483C21B6954520026BDBD /* VersusViewController.m */ = {isa = PBXFileReference; fileEncoding = 4; lastKnownFileType = sourcecode.c.objc; path = VersusViewController.m; sourceTree = "<group>"; };
		3BD483C51B6954520026BDBD /* MATCGlossyButton.h */ = {isa = PBXFileReference; fileEncoding = 4; lastKnownFileType = sourcecode.c.h; path = MATCGlossyButton.h; sourceTree = "<group>"; };
		3BD483C61B6954520026BDBD /* MATCGlossyButton.m */ = {isa = PBXFileReference; fileEncoding = 4; lastKnownFileType = sourcecode.c.objc; path = MATCGlossyButton.m; sourceTree = "<group>"; };
		3F61151045CB5D4A27D13A1E /* Pods.debug.xcconfig */ = {isa = PBXFileReference; includeInIndex = 1; lastKnownFileType = text.xcconfig; name = Pods.debug.xcconfig; path = "Pods/Target Support Files/Pods/Pods.debug.xcconfig"; sourceTree = "<group>"; };
		84C486D3182A4F9900C96EF5 /* minesweeper.app */ = {isa = PBXFileReference; explicitFileType = wrapper.application; includeInIndex = 0; path = minesweeper.app; sourceTree = BUILT_PRODUCTS_DIR; };
		84C486D6182A4F9900C96EF5 /* UIKit.framework */ = {isa = PBXFileReference; lastKnownFileType = wrapper.framework; name = UIKit.framework; path = System/Library/Frameworks/UIKit.framework; sourceTree = SDKROOT; };
		84C486D8182A4F9900C96EF5 /* Foundation.framework */ = {isa = PBXFileReference; lastKnownFileType = wrapper.framework; name = Foundation.framework; path = System/Library/Frameworks/Foundation.framework; sourceTree = SDKROOT; };
		84C486DA182A4F9900C96EF5 /* CoreGraphics.framework */ = {isa = PBXFileReference; lastKnownFileType = wrapper.framework; name = CoreGraphics.framework; path = System/Library/Frameworks/CoreGraphics.framework; sourceTree = SDKROOT; };
		84C48714182A644E00C96EF5 /* libsqlite3.0.dylib */ = {isa = PBXFileReference; lastKnownFileType = "compiled.mach-o.dylib"; name = libsqlite3.0.dylib; path = usr/lib/libsqlite3.0.dylib; sourceTree = SDKROOT; };
		84C48722182A67DE00C96EF5 /* QuartzCore.framework */ = {isa = PBXFileReference; lastKnownFileType = wrapper.framework; name = QuartzCore.framework; path = System/Library/Frameworks/QuartzCore.framework; sourceTree = SDKROOT; };
		84C48724182A67F500C96EF5 /* CoreMotion.framework */ = {isa = PBXFileReference; lastKnownFileType = wrapper.framework; name = CoreMotion.framework; path = System/Library/Frameworks/CoreMotion.framework; sourceTree = SDKROOT; };
		8F4BAD0ABA0F0322C3DB0B26 /* libPods.a */ = {isa = PBXFileReference; explicitFileType = archive.ar; includeInIndex = 0; path = libPods.a; sourceTree = BUILT_PRODUCTS_DIR; };
		DC259E6C4C05899D82F8F626 /* Pods.release.xcconfig */ = {isa = PBXFileReference; includeInIndex = 1; lastKnownFileType = text.xcconfig; name = Pods.release.xcconfig; path = "Pods/Target Support Files/Pods/Pods.release.xcconfig"; sourceTree = "<group>"; };
/* End PBXFileReference section */

/* Begin PBXFrameworksBuildPhase section */
		84C486D0182A4F9900C96EF5 /* Frameworks */ = {
			isa = PBXFrameworksBuildPhase;
			buildActionMask = 2147483647;
			files = (
				84C48725182A67F500C96EF5 /* CoreMotion.framework in Frameworks */,
				84C48723182A67DE00C96EF5 /* QuartzCore.framework in Frameworks */,
				84C48715182A644E00C96EF5 /* libsqlite3.0.dylib in Frameworks */,
				84C486D7182A4F9900C96EF5 /* UIKit.framework in Frameworks */,
				84C486D9182A4F9900C96EF5 /* Foundation.framework in Frameworks */,
				84C486DB182A4F9900C96EF5 /* CoreGraphics.framework in Frameworks */,
				9AB98D9D8F72ABC76EA4EB97 /* libPods.a in Frameworks */,
			);
			runOnlyForDeploymentPostprocessing = 0;
		};
/* End PBXFrameworksBuildPhase section */

/* Begin PBXGroup section */
		3BD483961B6954520026BDBD /* AppDelegate */ = {
			isa = PBXGroup;
			children = (
				3BD483971B6954520026BDBD /* AppDelegate.h */,
				3BD483981B6954520026BDBD /* AppDelegate.m */,
			);
			path = AppDelegate;
			sourceTree = "<group>";
		};
		3BD483991B6954520026BDBD /* Managers */ = {
			isa = PBXGroup;
			children = (
				3BD4839A1B6954520026BDBD /* DB */,
				3BD4839D1B6954520026BDBD /* VersusGame */,
			);
			path = Managers;
			sourceTree = "<group>";
		};
		3BD4839A1B6954520026BDBD /* DB */ = {
			isa = PBXGroup;
			children = (
				3BD4839B1B6954520026BDBD /* DBManager.h */,
				3BD4839C1B6954520026BDBD /* DBManager.m */,
			);
			path = DB;
			sourceTree = "<group>";
		};
		3BD4839D1B6954520026BDBD /* VersusGame */ = {
			isa = PBXGroup;
			children = (
				3BD4839E1B6954520026BDBD /* VersusGameManager.h */,
				3BD4839F1B6954520026BDBD /* VersusGameManager.m */,
			);
			path = VersusGame;
			sourceTree = "<group>";
		};
		3BD483A01B6954520026BDBD /* Model */ = {
			isa = PBXGroup;
			children = (
				3BD483A11B6954520026BDBD /* Non-Persistent */,
				3BD483A21B6954520026BDBD /* Persistent */,
			);
			path = Model;
			sourceTree = "<group>";
		};
		3BD483A11B6954520026BDBD /* Non-Persistent */ = {
			isa = PBXGroup;
			children = (
			);
			path = "Non-Persistent";
			sourceTree = "<group>";
		};
		3BD483A21B6954520026BDBD /* Persistent */ = {
			isa = PBXGroup;
			children = (
				3BD483A31B6954520026BDBD /* Game.h */,
				3BD483A41B6954520026BDBD /* Game.m */,
				3BD483A51B6954520026BDBD /* VersusGame.h */,
				3BD483A61B6954520026BDBD /* VersusGame.m */,
			);
			path = Persistent;
			sourceTree = "<group>";
		};
		3BD483A71B6954520026BDBD /* Resources */ = {
			isa = PBXGroup;
			children = (
				3BD483A81B6954520026BDBD /* Actions-flag-blue-icon.png */,
				3BD483A91B6954520026BDBD /* Actions-flag-red-icon.png */,
				3BD483AA1B6954520026BDBD /* bmdb.sqlite */,
				3BD483AB1B6954520026BDBD /* Default-568h@2x.png */,
				3BD483AC1B6954520026BDBD /* Default.png */,
				3BD483AD1B6954520026BDBD /* Default@2x.png */,
				3BD483AE1B6954520026BDBD /* InfoPlist.strings */,
				3BD483B01B6954520026BDBD /* Localizable.strings */,
				3BD483B11B6954520026BDBD /* menu.png */,
			);
			path = Resources;
			sourceTree = "<group>";
		};
		3BD483B21B6954520026BDBD /* SupportingFiles */ = {
			isa = PBXGroup;
			children = (
				3BD483B31B6954520026BDBD /* main.m */,
				3BD483B41B6954520026BDBD /* MainStoryboard.storyboard */,
				3BD483B51B6954520026BDBD /* minesweeper-Info.plist */,
				3BD483B61B6954520026BDBD /* minesweeper-Prefix.pch */,
			);
			path = SupportingFiles;
			sourceTree = "<group>";
		};
		3BD483B71B6954520026BDBD /* Utilities */ = {
			isa = PBXGroup;
			children = (
				3BD483B81B6954520026BDBD /* Tools.h */,
				3BD483B91B6954520026BDBD /* Tools.m */,
			);
			path = Utilities;
			sourceTree = "<group>";
		};
		3BD483BA1B6954520026BDBD /* ViewControllers */ = {
			isa = PBXGroup;
			children = (
				3BD483BB1B6954520026BDBD /* VersusGame */,
				3BD483C11B6954520026BDBD /* VersusViewController.h */,
				3BD483C21B6954520026BDBD /* VersusViewController.m */,
			);
			path = ViewControllers;
			sourceTree = "<group>";
		};
		3BD483BB1B6954520026BDBD /* VersusGame */ = {
			isa = PBXGroup;
			children = (
				3BD483BC1B6954520026BDBD /* Cell */,
				3BD483BF1B6954520026BDBD /* VersusGameTableViewController.h */,
				3BD483C01B6954520026BDBD /* VersusGameTableViewController.m */,
			);
			path = VersusGame;
			sourceTree = "<group>";
		};
		3BD483BC1B6954520026BDBD /* Cell */ = {
			isa = PBXGroup;
			children = (
				3BD483BD1B6954520026BDBD /* VersusGameCell.h */,
				3BD483BE1B6954520026BDBD /* VersusGameCell.m */,
			);
			path = Cell;
			sourceTree = "<group>";
		};
		3BD483C31B6954520026BDBD /* Views */ = {
			isa = PBXGroup;
			children = (
				3BD483C41B6954520026BDBD /* GlossyButton */,
			);
			path = Views;
			sourceTree = "<group>";
		};
		3BD483C41B6954520026BDBD /* GlossyButton */ = {
			isa = PBXGroup;
			children = (
				3BD483C51B6954520026BDBD /* MATCGlossyButton.h */,
				3BD483C61B6954520026BDBD /* MATCGlossyButton.m */,
			);
			path = GlossyButton;
			sourceTree = "<group>";
		};
		84C486CA182A4F9900C96EF5 = {
			isa = PBXGroup;
			children = (
				84C486DC182A4F9900C96EF5 /* minesweeper */,
				84C486D5182A4F9900C96EF5 /* Frameworks */,
				84C486D4182A4F9900C96EF5 /* Products */,
				F2757EA6B87C17854B5492CF /* Pods */,
			);
			sourceTree = "<group>";
		};
		84C486D4182A4F9900C96EF5 /* Products */ = {
			isa = PBXGroup;
			children = (
				84C486D3182A4F9900C96EF5 /* minesweeper.app */,
			);
			name = Products;
			sourceTree = "<group>";
		};
		84C486D5182A4F9900C96EF5 /* Frameworks */ = {
			isa = PBXGroup;
			children = (
				84C48724182A67F500C96EF5 /* CoreMotion.framework */,
				84C48722182A67DE00C96EF5 /* QuartzCore.framework */,
				84C48714182A644E00C96EF5 /* libsqlite3.0.dylib */,
				84C486D6182A4F9900C96EF5 /* UIKit.framework */,
				84C486D8182A4F9900C96EF5 /* Foundation.framework */,
				84C486DA182A4F9900C96EF5 /* CoreGraphics.framework */,
				8F4BAD0ABA0F0322C3DB0B26 /* libPods.a */,
			);
			name = Frameworks;
			sourceTree = "<group>";
		};
		84C486DC182A4F9900C96EF5 /* minesweeper */ = {
			isa = PBXGroup;
			children = (
				3BD483961B6954520026BDBD /* AppDelegate */,
				3BD483991B6954520026BDBD /* Managers */,
				3BD483A01B6954520026BDBD /* Model */,
				3BD483A71B6954520026BDBD /* Resources */,
				3BD483B21B6954520026BDBD /* SupportingFiles */,
				3BD483B71B6954520026BDBD /* Utilities */,
				3BD483BA1B6954520026BDBD /* ViewControllers */,
				3BD483C31B6954520026BDBD /* Views */,
			);
			path = minesweeper;
			sourceTree = "<group>";
		};
		F2757EA6B87C17854B5492CF /* Pods */ = {
			isa = PBXGroup;
			children = (
				3F61151045CB5D4A27D13A1E /* Pods.debug.xcconfig */,
				DC259E6C4C05899D82F8F626 /* Pods.release.xcconfig */,
			);
			name = Pods;
			sourceTree = "<group>";
		};
/* End PBXGroup section */

/* Begin PBXNativeTarget section */
		84C486D2182A4F9900C96EF5 /* minesweeper */ = {
			isa = PBXNativeTarget;
			buildConfigurationList = 84C486F0182A4F9900C96EF5 /* Build configuration list for PBXNativeTarget "minesweeper" */;
			buildPhases = (
				30FC08F919A1E25AD968B22A /* Check Pods Manifest.lock */,
				84C486CF182A4F9900C96EF5 /* Sources */,
				84C486D0182A4F9900C96EF5 /* Frameworks */,
				84C486D1182A4F9900C96EF5 /* Resources */,
				3F69E85AE9D5A6791EF286BA /* Embed Pods Frameworks */,
				627DE486E1E887A7D6FFC76E /* Copy Pods Resources */,
			);
			buildRules = (
			);
			dependencies = (
			);
			name = minesweeper;
			productName = minesweeper;
			productReference = 84C486D3182A4F9900C96EF5 /* minesweeper.app */;
			productType = "com.apple.product-type.application";
		};
/* End PBXNativeTarget section */

/* Begin PBXProject section */
		84C486CB182A4F9900C96EF5 /* Project object */ = {
			isa = PBXProject;
			attributes = {
				LastUpgradeCheck = 0460;
			};
			buildConfigurationList = 84C486CE182A4F9900C96EF5 /* Build configuration list for PBXProject "minesweeper" */;
			compatibilityVersion = "Xcode 3.2";
			developmentRegion = English;
			hasScannedForEncodings = 0;
			knownRegions = (
				en,
			);
			mainGroup = 84C486CA182A4F9900C96EF5;
			productRefGroup = 84C486D4182A4F9900C96EF5 /* Products */;
			projectDirPath = "";
			projectRoot = "";
			targets = (
				84C486D2182A4F9900C96EF5 /* minesweeper */,
			);
		};
/* End PBXProject section */

/* Begin PBXResourcesBuildPhase section */
		84C486D1182A4F9900C96EF5 /* Resources */ = {
			isa = PBXResourcesBuildPhase;
			buildActionMask = 2147483647;
			files = (
				3BD483D11B6954520026BDBD /* Default@2x.png in Resources */,
				3BD483D21B6954520026BDBD /* InfoPlist.strings in Resources */,
				3BD483D41B6954520026BDBD /* menu.png in Resources */,
				3BD483CD1B6954520026BDBD /* Actions-flag-red-icon.png in Resources */,
				3BD483CF1B6954520026BDBD /* Default-568h@2x.png in Resources */,
				3BD483CC1B6954520026BDBD /* Actions-flag-blue-icon.png in Resources */,
				3BD483D61B6954520026BDBD /* MainStoryboard.storyboard in Resources */,
				3BD483D31B6954520026BDBD /* Localizable.strings in Resources */,
				3BD483CE1B6954520026BDBD /* bmdb.sqlite in Resources */,
				3BD483D71B6954520026BDBD /* minesweeper-Info.plist in Resources */,
				3BD483D01B6954520026BDBD /* Default.png in Resources */,
			);
			runOnlyForDeploymentPostprocessing = 0;
		};
/* End PBXResourcesBuildPhase section */

/* Begin PBXShellScriptBuildPhase section */
		30FC08F919A1E25AD968B22A /* Check Pods Manifest.lock */ = {
			isa = PBXShellScriptBuildPhase;
			buildActionMask = 2147483647;
			files = (
			);
			inputPaths = (
			);
			name = "Check Pods Manifest.lock";
			outputPaths = (
			);
			runOnlyForDeploymentPostprocessing = 0;
			shellPath = /bin/sh;
			shellScript = "diff \"${PODS_ROOT}/../Podfile.lock\" \"${PODS_ROOT}/Manifest.lock\" > /dev/null\nif [[ $? != 0 ]] ; then\n    cat << EOM\nerror: The sandbox is not in sync with the Podfile.lock. Run 'pod install' or update your CocoaPods installation.\nEOM\n    exit 1\nfi\n";
			showEnvVarsInLog = 0;
		};
		3F69E85AE9D5A6791EF286BA /* Embed Pods Frameworks */ = {
			isa = PBXShellScriptBuildPhase;
			buildActionMask = 2147483647;
			files = (
			);
			inputPaths = (
			);
			name = "Embed Pods Frameworks";
			outputPaths = (
			);
			runOnlyForDeploymentPostprocessing = 0;
			shellPath = /bin/sh;
			shellScript = "\"${SRCROOT}/Pods/Target Support Files/Pods/Pods-frameworks.sh\"\n";
			showEnvVarsInLog = 0;
		};
		627DE486E1E887A7D6FFC76E /* Copy Pods Resources */ = {
			isa = PBXShellScriptBuildPhase;
			buildActionMask = 2147483647;
			files = (
			);
			inputPaths = (
			);
			name = "Copy Pods Resources";
			outputPaths = (
			);
			runOnlyForDeploymentPostprocessing = 0;
			shellPath = /bin/sh;
			shellScript = "\"${SRCROOT}/Pods/Target Support Files/Pods/Pods-resources.sh\"\n";
			showEnvVarsInLog = 0;
		};
/* End PBXShellScriptBuildPhase section */

/* Begin PBXSourcesBuildPhase section */
		84C486CF182A4F9900C96EF5 /* Sources */ = {
			isa = PBXSourcesBuildPhase;
			buildActionMask = 2147483647;
			files = (
				3BD483DC1B6954520026BDBD /* MATCGlossyButton.m in Sources */,
				3BD483DB1B6954520026BDBD /* VersusViewController.m in Sources */,
				3BD483D81B6954520026BDBD /* Tools.m in Sources */,
				3BD483CB1B6954520026BDBD /* VersusGame.m in Sources */,
				3BD483C71B6954520026BDBD /* AppDelegate.m in Sources */,
				3BD483C81B6954520026BDBD /* DBManager.m in Sources */,
				3BD483C91B6954520026BDBD /* VersusGameManager.m in Sources */,
				3BD483D91B6954520026BDBD /* VersusGameCell.m in Sources */,
				3BD483D51B6954520026BDBD /* main.m in Sources */,
				3BD483DA1B6954520026BDBD /* VersusGameTableViewController.m in Sources */,
				3BD483CA1B6954520026BDBD /* Game.m in Sources */,
			);
			runOnlyForDeploymentPostprocessing = 0;
		};
/* End PBXSourcesBuildPhase section */

/* Begin PBXVariantGroup section */
		3BD483AE1B6954520026BDBD /* InfoPlist.strings */ = {
			isa = PBXVariantGroup;
			children = (
				3BD483AF1B6954520026BDBD /* en */,
			);
			name = InfoPlist.strings;
			sourceTree = "<group>";
		};
/* End PBXVariantGroup section */

/* Begin XCBuildConfiguration section */
		84C486EE182A4F9900C96EF5 /* Debug */ = {
			isa = XCBuildConfiguration;
			buildSettings = {
				ALWAYS_SEARCH_USER_PATHS = NO;
				CLANG_CXX_LANGUAGE_STANDARD = "gnu++0x";
				CLANG_CXX_LIBRARY = "libc++";
				CLANG_ENABLE_OBJC_ARC = YES;
				CLANG_WARN_CONSTANT_CONVERSION = YES;
				CLANG_WARN_EMPTY_BODY = YES;
				CLANG_WARN_ENUM_CONVERSION = YES;
				CLANG_WARN_INT_CONVERSION = YES;
				CLANG_WARN__DUPLICATE_METHOD_MATCH = YES;
				"CODE_SIGN_IDENTITY[sdk=iphoneos*]" = "iPhone Developer";
				COPY_PHASE_STRIP = NO;
				GCC_C_LANGUAGE_STANDARD = gnu99;
				GCC_DYNAMIC_NO_PIC = NO;
				GCC_OPTIMIZATION_LEVEL = 0;
				GCC_PREPROCESSOR_DEFINITIONS = (
					"DEBUG=1",
					"$(inherited)",
				);
				GCC_SYMBOLS_PRIVATE_EXTERN = NO;
				GCC_WARN_ABOUT_RETURN_TYPE = YES;
				GCC_WARN_UNINITIALIZED_AUTOS = YES;
				GCC_WARN_UNUSED_VARIABLE = YES;
				IPHONEOS_DEPLOYMENT_TARGET = 8.2;
				ONLY_ACTIVE_ARCH = YES;
				SDKROOT = iphoneos;
			};
			name = Debug;
		};
		84C486EF182A4F9900C96EF5 /* Release */ = {
			isa = XCBuildConfiguration;
			buildSettings = {
				ALWAYS_SEARCH_USER_PATHS = NO;
				CLANG_CXX_LANGUAGE_STANDARD = "gnu++0x";
				CLANG_CXX_LIBRARY = "libc++";
				CLANG_ENABLE_OBJC_ARC = YES;
				CLANG_WARN_CONSTANT_CONVERSION = YES;
				CLANG_WARN_EMPTY_BODY = YES;
				CLANG_WARN_ENUM_CONVERSION = YES;
				CLANG_WARN_INT_CONVERSION = YES;
				CLANG_WARN__DUPLICATE_METHOD_MATCH = YES;
				"CODE_SIGN_IDENTITY[sdk=iphoneos*]" = "iPhone Developer";
				COPY_PHASE_STRIP = YES;
				GCC_C_LANGUAGE_STANDARD = gnu99;
				GCC_WARN_ABOUT_RETURN_TYPE = YES;
				GCC_WARN_UNINITIALIZED_AUTOS = YES;
				GCC_WARN_UNUSED_VARIABLE = YES;
				IPHONEOS_DEPLOYMENT_TARGET = 8.2;
				OTHER_CFLAGS = "-DNS_BLOCK_ASSERTIONS=1";
				SDKROOT = iphoneos;
				VALIDATE_PRODUCT = YES;
			};
			name = Release;
		};
		84C486F1182A4F9900C96EF5 /* Debug */ = {
			isa = XCBuildConfiguration;
			baseConfigurationReference = 3F61151045CB5D4A27D13A1E /* Pods.debug.xcconfig */;
			buildSettings = {
				FRAMEWORK_SEARCH_PATHS = (
					"$(inherited)",
					"\"$(SRCROOT)\"",
				);
				GCC_PRECOMPILE_PREFIX_HEADER = YES;
				GCC_PREFIX_HEADER = "minesweeper/SupportingFiles/minesweeper-Prefix.pch";
				INFOPLIST_FILE = "$(SRCROOT)/minesweeper/SupportingFiles/minesweeper-Info.plist";
				PRODUCT_NAME = "$(TARGET_NAME)";
				WRAPPER_EXTENSION = app;
			};
			name = Debug;
		};
		84C486F2182A4F9900C96EF5 /* Release */ = {
			isa = XCBuildConfiguration;
			baseConfigurationReference = DC259E6C4C05899D82F8F626 /* Pods.release.xcconfig */;
			buildSettings = {
				FRAMEWORK_SEARCH_PATHS = (
					"$(inherited)",
					"\"$(SRCROOT)\"",
				);
				GCC_PRECOMPILE_PREFIX_HEADER = YES;
				GCC_PREFIX_HEADER = "minesweeper/SupportingFiles/minesweeper-Prefix.pch";
				INFOPLIST_FILE = "$(SRCROOT)/minesweeper/SupportingFiles/minesweeper-Info.plist";
				PRODUCT_NAME = "$(TARGET_NAME)";
				WRAPPER_EXTENSION = app;
			};
			name = Release;
		};
/* End XCBuildConfiguration section */

/* Begin XCConfigurationList section */
		84C486CE182A4F9900C96EF5 /* Build configuration list for PBXProject "minesweeper" */ = {
			isa = XCConfigurationList;
			buildConfigurations = (
				84C486EE182A4F9900C96EF5 /* Debug */,
				84C486EF182A4F9900C96EF5 /* Release */,
			);
			defaultConfigurationIsVisible = 0;
			defaultConfigurationName = Debug;
		};
		84C486F0182A4F9900C96EF5 /* Build configuration list for PBXNativeTarget "minesweeper" */ = {
			isa = XCConfigurationList;
			buildConfigurations = (
				84C486F1182A4F9900C96EF5 /* Debug */,
				84C486F2182A4F9900C96EF5 /* Release */,
			);
			defaultConfigurationIsVisible = 0;
			defaultConfigurationName = Debug;
		};
/* End XCConfigurationList section */
	};
	rootObject = 84C486CB182A4F9900C96EF5 /* Project object */;
}
